// !$*UTF8*$!
{
	archiveVersion = 1;
	classes = {
	};
	objectVersion = 46;
	objects = {

/* Begin PBXBuildFile section */
		3A2A22ED077064B811980A57 /* libPods.a in Frameworks */ = {isa = PBXBuildFile; fileRef = 2F3F498FA7446CF1FAD2C7B8 /* libPods.a */; };
		C32684671D68641300E1BAA6 /* main.m in Sources */ = {isa = PBXBuildFile; fileRef = C32684661D68641300E1BAA6 /* main.m */; };
		C32684721D68641300E1BAA6 /* Assets.xcassets in Resources */ = {isa = PBXBuildFile; fileRef = C32684711D68641300E1BAA6 /* Assets.xcassets */; };
		C32684751D68641300E1BAA6 /* LaunchScreen.storyboard in Resources */ = {isa = PBXBuildFile; fileRef = C32684731D68641300E1BAA6 /* LaunchScreen.storyboard */; };
		C32684801D68641300E1BAA6 /* KillBrainTests.m in Sources */ = {isa = PBXBuildFile; fileRef = C326847F1D68641300E1BAA6 /* KillBrainTests.m */; };
		C326848B1D68641300E1BAA6 /* KillBrainUITests.m in Sources */ = {isa = PBXBuildFile; fileRef = C326848A1D68641300E1BAA6 /* KillBrainUITests.m */; };
		C32684AC1D686B1000E1BAA6 /* KKView+Common.m in Sources */ = {isa = PBXBuildFile; fileRef = C32684A71D686B1000E1BAA6 /* KKView+Common.m */; };
		C32684AD1D686B1000E1BAA6 /* KKView+KKExtension.m in Sources */ = {isa = PBXBuildFile; fileRef = C32684A91D686B1000E1BAA6 /* KKView+KKExtension.m */; };
		C32684AE1D686B1000E1BAA6 /* UIImage+Extension.m in Sources */ = {isa = PBXBuildFile; fileRef = C32684AB1D686B1000E1BAA6 /* UIImage+Extension.m */; };
		C32C9A2B1D766E800040863D /* WordsLinkController.m in Sources */ = {isa = PBXBuildFile; fileRef = C32C9A2A1D766E800040863D /* WordsLinkController.m */; };
		C32C9A2E1D7675350040863D /* WordsMainView.m in Sources */ = {isa = PBXBuildFile; fileRef = C32C9A2D1D7675350040863D /* WordsMainView.m */; };
		C33AA25D1D6AA4B9002BE484 /* log.png in Resources */ = {isa = PBXBuildFile; fileRef = C33AA25C1D6AA4B9002BE484 /* log.png */; };
		C381B8751D77CBBE00861B90 /* WordsLinkProtocol.m in Sources */ = {isa = PBXBuildFile; fileRef = C381B8741D77CBBE00861B90 /* WordsLinkProtocol.m */; };
		C381B8781D77CD1100861B90 /* WordsApi.m in Sources */ = {isa = PBXBuildFile; fileRef = C381B8771D77CD1100861B90 /* WordsApi.m */; };
		C381B87F1D77D99E00861B90 /* MainViewProtocol.m in Sources */ = {isa = PBXBuildFile; fileRef = C381B87E1D77D99E00861B90 /* MainViewProtocol.m */; };
		C381B8871D77D9F000861B90 /* MainShowView.m in Sources */ = {isa = PBXBuildFile; fileRef = C381B8811D77D9F000861B90 /* MainShowView.m */; };
		C381B8881D77D9F000861B90 /* MainTableViewCell.m in Sources */ = {isa = PBXBuildFile; fileRef = C381B8831D77D9F000861B90 /* MainTableViewCell.m */; };
		C381B8891D77D9F000861B90 /* MainTableViewCell.xib in Resources */ = {isa = PBXBuildFile; fileRef = C381B8841D77D9F000861B90 /* MainTableViewCell.xib */; };
		C381B88A1D77D9F000861B90 /* MainViewController.m in Sources */ = {isa = PBXBuildFile; fileRef = C381B8861D77D9F000861B90 /* MainViewController.m */; };
		C381B8A01D77DA0F00861B90 /* FastCountApi.m in Sources */ = {isa = PBXBuildFile; fileRef = C381B88E1D77DA0F00861B90 /* FastCountApi.m */; };
		C381B8A11D77DA0F00861B90 /* FastCountProtocol.m in Sources */ = {isa = PBXBuildFile; fileRef = C381B8911D77DA0F00861B90 /* FastCountProtocol.m */; };
		C381B8A21D77DA0F00861B90 /* FastCountCell.m in Sources */ = {isa = PBXBuildFile; fileRef = C381B8941D77DA0F00861B90 /* FastCountCell.m */; };
		C381B8A31D77DA0F00861B90 /* FastCountView.m in Sources */ = {isa = PBXBuildFile; fileRef = C381B8961D77DA0F00861B90 /* FastCountView.m */; };
		C381B8A41D77DA0F00861B90 /* SelectMethod.m in Sources */ = {isa = PBXBuildFile; fileRef = C381B8981D77DA0F00861B90 /* SelectMethod.m */; };
		C381B8A51D77DA0F00861B90 /* SelectNum.m in Sources */ = {isa = PBXBuildFile; fileRef = C381B89A1D77DA0F00861B90 /* SelectNum.m */; };
		C381B8A61D77DA0F00861B90 /* SelectTimeView.m in Sources */ = {isa = PBXBuildFile; fileRef = C381B89C1D77DA0F00861B90 /* SelectTimeView.m */; };
		C381B8A71D77DA0F00861B90 /* FastCountController.m in Sources */ = {isa = PBXBuildFile; fileRef = C381B89F1D77DA0F00861B90 /* FastCountController.m */; };
		C381B8C31D77DA3300861B90 /* WrongApi.m in Sources */ = {isa = PBXBuildFile; fileRef = C381B8AB1D77DA3300861B90 /* WrongApi.m */; };
		C381B8C41D77DA3300861B90 /* ResultController.m in Sources */ = {isa = PBXBuildFile; fileRef = C381B8AE1D77DA3300861B90 /* ResultController.m */; };
		C381B8C51D77DA3300861B90 /* WrongProtocol.m in Sources */ = {isa = PBXBuildFile; fileRef = C381B8B11D77DA3300861B90 /* WrongProtocol.m */; };
		C381B8C61D77DA3300861B90 /* TestApi.m in Sources */ = {isa = PBXBuildFile; fileRef = C381B8B51D77DA3300861B90 /* TestApi.m */; };
		C381B8C71D77DA3300861B90 /* TestAnswerView.m in Sources */ = {isa = PBXBuildFile; fileRef = C381B8B81D77DA3300861B90 /* TestAnswerView.m */; };
		C381B8C81D77DA3300861B90 /* TestAnswerView.xib in Resources */ = {isa = PBXBuildFile; fileRef = C381B8B91D77DA3300861B90 /* TestAnswerView.xib */; };
		C381B8C91D77DA3300861B90 /* TestCorrectView.m in Sources */ = {isa = PBXBuildFile; fileRef = C381B8BB1D77DA3300861B90 /* TestCorrectView.m */; };
		C381B8CA1D77DA3300861B90 /* TestShowView.m in Sources */ = {isa = PBXBuildFile; fileRef = C381B8BD1D77DA3300861B90 /* TestShowView.m */; };
		C381B8CB1D77DA3300861B90 /* TestWrongView.m in Sources */ = {isa = PBXBuildFile; fileRef = C381B8BF1D77DA3300861B90 /* TestWrongView.m */; };
		C381B8CC1D77DA3300861B90 /* TestViewController.m in Sources */ = {isa = PBXBuildFile; fileRef = C381B8C21D77DA3300861B90 /* TestViewController.m */; };
		C38F914F1D6C293D00DAB78B /* FFRing.png in Resources */ = {isa = PBXBuildFile; fileRef = C38F914D1D6C293D00DAB78B /* FFRing.png */; };
		C38F91501D6C293D00DAB78B /* FFTspark.png in Resources */ = {isa = PBXBuildFile; fileRef = C38F914E1D6C293D00DAB78B /* FFTspark.png */; };
		C38F919B1D6C534000DAB78B /* alpha@2x.png in Resources */ = {isa = PBXBuildFile; fileRef = C38F91991D6C534000DAB78B /* alpha@2x.png */; };
		C38F919C1D6C534000DAB78B /* snow@2x.png in Resources */ = {isa = PBXBuildFile; fileRef = C38F919A1D6C534000DAB78B /* snow@2x.png */; };
		C3908E971D69B54400DDAD3C /* 1.jpg in Resources */ = {isa = PBXBuildFile; fileRef = C3908E8E1D69B54400DDAD3C /* 1.jpg */; };
		C3908E981D69B54400DDAD3C /* 2.jpg in Resources */ = {isa = PBXBuildFile; fileRef = C3908E8F1D69B54400DDAD3C /* 2.jpg */; };
		C3908E991D69B54400DDAD3C /* 3.jpg in Resources */ = {isa = PBXBuildFile; fileRef = C3908E901D69B54400DDAD3C /* 3.jpg */; };
		C3908E9A1D69B54400DDAD3C /* 4.jpg in Resources */ = {isa = PBXBuildFile; fileRef = C3908E911D69B54400DDAD3C /* 4.jpg */; };
		C3908E9B1D69B54400DDAD3C /* go.png in Resources */ = {isa = PBXBuildFile; fileRef = C3908E921D69B54400DDAD3C /* go.png */; };
		C3908E9C1D69B54400DDAD3C /* time0.png in Resources */ = {isa = PBXBuildFile; fileRef = C3908E931D69B54400DDAD3C /* time0.png */; };
		C3908E9D1D69B54400DDAD3C /* time1.png in Resources */ = {isa = PBXBuildFile; fileRef = C3908E941D69B54400DDAD3C /* time1.png */; };
		C3908E9E1D69B54400DDAD3C /* time2.png in Resources */ = {isa = PBXBuildFile; fileRef = C3908E951D69B54400DDAD3C /* time2.png */; };
		C3908E9F1D69B54400DDAD3C /* time3.png in Resources */ = {isa = PBXBuildFile; fileRef = C3908E961D69B54400DDAD3C /* time3.png */; };
		C3B5F6AA1D6D788D00BA5D3B /* MemonryController.m in Sources */ = {isa = PBXBuildFile; fileRef = C3B5F6A91D6D788D00BA5D3B /* MemonryController.m */; };
		C3B5F6AD1D6D79D700BA5D3B /* MemonryNumsView.m in Sources */ = {isa = PBXBuildFile; fileRef = C3B5F6AC1D6D79D700BA5D3B /* MemonryNumsView.m */; };
		C3B7E2541D77F5AA0033B9E7 /* MemonryApi.m in Sources */ = {isa = PBXBuildFile; fileRef = C3B7E2531D77F5AA0033B9E7 /* MemonryApi.m */; };
		C3B7E2641D77FC890033B9E7 /* MemonryProtocol.m in Sources */ = {isa = PBXBuildFile; fileRef = C3B7E2631D77FC890033B9E7 /* MemonryProtocol.m */; };
		C3B7E26B1D7800DD0033B9E7 /* AppDelegate.m in Sources */ = {isa = PBXBuildFile; fileRef = C3B7E2671D7800DD0033B9E7 /* AppDelegate.m */; };
		C3B7E26C1D7800DD0033B9E7 /* Main.storyboard in Resources */ = {isa = PBXBuildFile; fileRef = C3B7E2681D7800DD0033B9E7 /* Main.storyboard */; };
		C3B7E26F1D7805B80033B9E7 /* CustomController.m in Sources */ = {isa = PBXBuildFile; fileRef = C3B7E26E1D7805B80033B9E7 /* CustomController.m */; };
/* End PBXBuildFile section */

/* Begin PBXContainerItemProxy section */
		C326847C1D68641300E1BAA6 /* PBXContainerItemProxy */ = {
			isa = PBXContainerItemProxy;
			containerPortal = C326845A1D68641300E1BAA6 /* Project object */;
			proxyType = 1;
			remoteGlobalIDString = C32684611D68641300E1BAA6;
			remoteInfo = KillBrain;
		};
		C32684871D68641300E1BAA6 /* PBXContainerItemProxy */ = {
			isa = PBXContainerItemProxy;
			containerPortal = C326845A1D68641300E1BAA6 /* Project object */;
			proxyType = 1;
			remoteGlobalIDString = C32684611D68641300E1BAA6;
			remoteInfo = KillBrain;
		};
/* End PBXContainerItemProxy section */

/* Begin PBXFileReference section */
		2F3F498FA7446CF1FAD2C7B8 /* libPods.a */ = {isa = PBXFileReference; explicitFileType = archive.ar; includeInIndex = 0; path = libPods.a; sourceTree = BUILT_PRODUCTS_DIR; };
		31C90C3A4258030E0DCB7CE0 /* Pods.release.xcconfig */ = {isa = PBXFileReference; includeInIndex = 1; lastKnownFileType = text.xcconfig; name = Pods.release.xcconfig; path = "Pods/Target Support Files/Pods/Pods.release.xcconfig"; sourceTree = "<group>"; };
		66A61285C8CB7235F6CD55F5 /* Pods.debug.xcconfig */ = {isa = PBXFileReference; includeInIndex = 1; lastKnownFileType = text.xcconfig; name = Pods.debug.xcconfig; path = "Pods/Target Support Files/Pods/Pods.debug.xcconfig"; sourceTree = "<group>"; };
		C32684621D68641300E1BAA6 /* KillBrain.app */ = {isa = PBXFileReference; explicitFileType = wrapper.application; includeInIndex = 0; path = KillBrain.app; sourceTree = BUILT_PRODUCTS_DIR; };
		C32684661D68641300E1BAA6 /* main.m */ = {isa = PBXFileReference; lastKnownFileType = sourcecode.c.objc; path = main.m; sourceTree = "<group>"; };
		C32684711D68641300E1BAA6 /* Assets.xcassets */ = {isa = PBXFileReference; lastKnownFileType = folder.assetcatalog; path = Assets.xcassets; sourceTree = "<group>"; };
		C32684741D68641300E1BAA6 /* Base */ = {isa = PBXFileReference; lastKnownFileType = file.storyboard; name = Base; path = Base.lproj/LaunchScreen.storyboard; sourceTree = "<group>"; };
		C32684761D68641300E1BAA6 /* Info.plist */ = {isa = PBXFileReference; lastKnownFileType = text.plist.xml; path = Info.plist; sourceTree = "<group>"; };
		C326847B1D68641300E1BAA6 /* KillBrainTests.xctest */ = {isa = PBXFileReference; explicitFileType = wrapper.cfbundle; includeInIndex = 0; path = KillBrainTests.xctest; sourceTree = BUILT_PRODUCTS_DIR; };
		C326847F1D68641300E1BAA6 /* KillBrainTests.m */ = {isa = PBXFileReference; lastKnownFileType = sourcecode.c.objc; path = KillBrainTests.m; sourceTree = "<group>"; };
		C32684811D68641300E1BAA6 /* Info.plist */ = {isa = PBXFileReference; lastKnownFileType = text.plist.xml; path = Info.plist; sourceTree = "<group>"; };
		C32684861D68641300E1BAA6 /* KillBrainUITests.xctest */ = {isa = PBXFileReference; explicitFileType = wrapper.cfbundle; includeInIndex = 0; path = KillBrainUITests.xctest; sourceTree = BUILT_PRODUCTS_DIR; };
		C326848A1D68641300E1BAA6 /* KillBrainUITests.m */ = {isa = PBXFileReference; lastKnownFileType = sourcecode.c.objc; path = KillBrainUITests.m; sourceTree = "<group>"; };
		C326848C1D68641300E1BAA6 /* Info.plist */ = {isa = PBXFileReference; lastKnownFileType = text.plist.xml; path = Info.plist; sourceTree = "<group>"; };
		C32684A61D686B1000E1BAA6 /* KKView+Common.h */ = {isa = PBXFileReference; fileEncoding = 4; lastKnownFileType = sourcecode.c.h; path = "KKView+Common.h"; sourceTree = "<group>"; };
		C32684A71D686B1000E1BAA6 /* KKView+Common.m */ = {isa = PBXFileReference; fileEncoding = 4; lastKnownFileType = sourcecode.c.objc; path = "KKView+Common.m"; sourceTree = "<group>"; };
		C32684A81D686B1000E1BAA6 /* KKView+KKExtension.h */ = {isa = PBXFileReference; fileEncoding = 4; lastKnownFileType = sourcecode.c.h; path = "KKView+KKExtension.h"; sourceTree = "<group>"; };
		C32684A91D686B1000E1BAA6 /* KKView+KKExtension.m */ = {isa = PBXFileReference; fileEncoding = 4; lastKnownFileType = sourcecode.c.objc; path = "KKView+KKExtension.m"; sourceTree = "<group>"; };
		C32684AA1D686B1000E1BAA6 /* UIImage+Extension.h */ = {isa = PBXFileReference; fileEncoding = 4; lastKnownFileType = sourcecode.c.h; path = "UIImage+Extension.h"; sourceTree = "<group>"; };
		C32684AB1D686B1000E1BAA6 /* UIImage+Extension.m */ = {isa = PBXFileReference; fileEncoding = 4; lastKnownFileType = sourcecode.c.objc; path = "UIImage+Extension.m"; sourceTree = "<group>"; };
		C32C9A291D766E800040863D /* WordsLinkController.h */ = {isa = PBXFileReference; fileEncoding = 4; lastKnownFileType = sourcecode.c.h; path = WordsLinkController.h; sourceTree = "<group>"; };
		C32C9A2A1D766E800040863D /* WordsLinkController.m */ = {isa = PBXFileReference; fileEncoding = 4; lastKnownFileType = sourcecode.c.objc; path = WordsLinkController.m; sourceTree = "<group>"; };
		C32C9A2C1D7675350040863D /* WordsMainView.h */ = {isa = PBXFileReference; fileEncoding = 4; lastKnownFileType = sourcecode.c.h; path = WordsMainView.h; sourceTree = "<group>"; };
		C32C9A2D1D7675350040863D /* WordsMainView.m */ = {isa = PBXFileReference; fileEncoding = 4; lastKnownFileType = sourcecode.c.objc; path = WordsMainView.m; sourceTree = "<group>"; };
		C33AA25C1D6AA4B9002BE484 /* log.png */ = {isa = PBXFileReference; lastKnownFileType = image.png; path = log.png; sourceTree = "<group>"; };
		C381B8731D77CBBE00861B90 /* WordsLinkProtocol.h */ = {isa = PBXFileReference; fileEncoding = 4; lastKnownFileType = sourcecode.c.h; path = WordsLinkProtocol.h; sourceTree = "<group>"; };
		C381B8741D77CBBE00861B90 /* WordsLinkProtocol.m */ = {isa = PBXFileReference; fileEncoding = 4; lastKnownFileType = sourcecode.c.objc; path = WordsLinkProtocol.m; sourceTree = "<group>"; };
		C381B8761D77CD1100861B90 /* WordsApi.h */ = {isa = PBXFileReference; fileEncoding = 4; lastKnownFileType = sourcecode.c.h; path = WordsApi.h; sourceTree = "<group>"; };
		C381B8771D77CD1100861B90 /* WordsApi.m */ = {isa = PBXFileReference; fileEncoding = 4; lastKnownFileType = sourcecode.c.objc; path = WordsApi.m; sourceTree = "<group>"; };
		C381B87D1D77D99E00861B90 /* MainViewProtocol.h */ = {isa = PBXFileReference; fileEncoding = 4; lastKnownFileType = sourcecode.c.h; path = MainViewProtocol.h; sourceTree = "<group>"; };
		C381B87E1D77D99E00861B90 /* MainViewProtocol.m */ = {isa = PBXFileReference; fileEncoding = 4; lastKnownFileType = sourcecode.c.objc; path = MainViewProtocol.m; sourceTree = "<group>"; };
		C381B8801D77D9F000861B90 /* MainShowView.h */ = {isa = PBXFileReference; fileEncoding = 4; lastKnownFileType = sourcecode.c.h; name = MainShowView.h; path = KillBrain/MainShowView.h; sourceTree = SOURCE_ROOT; };
		C381B8811D77D9F000861B90 /* MainShowView.m */ = {isa = PBXFileReference; fileEncoding = 4; lastKnownFileType = sourcecode.c.objc; name = MainShowView.m; path = KillBrain/MainShowView.m; sourceTree = SOURCE_ROOT; };
		C381B8821D77D9F000861B90 /* MainTableViewCell.h */ = {isa = PBXFileReference; fileEncoding = 4; lastKnownFileType = sourcecode.c.h; name = MainTableViewCell.h; path = KillBrain/MainTableViewCell.h; sourceTree = SOURCE_ROOT; };
		C381B8831D77D9F000861B90 /* MainTableViewCell.m */ = {isa = PBXFileReference; fileEncoding = 4; lastKnownFileType = sourcecode.c.objc; name = MainTableViewCell.m; path = KillBrain/MainTableViewCell.m; sourceTree = SOURCE_ROOT; };
		C381B8841D77D9F000861B90 /* MainTableViewCell.xib */ = {isa = PBXFileReference; fileEncoding = 4; lastKnownFileType = file.xib; name = MainTableViewCell.xib; path = KillBrain/MainTableViewCell.xib; sourceTree = SOURCE_ROOT; };
		C381B8851D77D9F000861B90 /* MainViewController.h */ = {isa = PBXFileReference; fileEncoding = 4; lastKnownFileType = sourcecode.c.h; name = MainViewController.h; path = KillBrain/MainViewController.h; sourceTree = SOURCE_ROOT; };
		C381B8861D77D9F000861B90 /* MainViewController.m */ = {isa = PBXFileReference; fileEncoding = 4; lastKnownFileType = sourcecode.c.objc; name = MainViewController.m; path = KillBrain/MainViewController.m; sourceTree = SOURCE_ROOT; };
		C381B88D1D77DA0F00861B90 /* FastCountApi.h */ = {isa = PBXFileReference; fileEncoding = 4; lastKnownFileType = sourcecode.c.h; path = FastCountApi.h; sourceTree = "<group>"; };
		C381B88E1D77DA0F00861B90 /* FastCountApi.m */ = {isa = PBXFileReference; fileEncoding = 4; lastKnownFileType = sourcecode.c.objc; path = FastCountApi.m; sourceTree = "<group>"; };
		C381B8901D77DA0F00861B90 /* FastCountProtocol.h */ = {isa = PBXFileReference; fileEncoding = 4; lastKnownFileType = sourcecode.c.h; path = FastCountProtocol.h; sourceTree = "<group>"; };
		C381B8911D77DA0F00861B90 /* FastCountProtocol.m */ = {isa = PBXFileReference; fileEncoding = 4; lastKnownFileType = sourcecode.c.objc; path = FastCountProtocol.m; sourceTree = "<group>"; };
		C381B8931D77DA0F00861B90 /* FastCountCell.h */ = {isa = PBXFileReference; fileEncoding = 4; lastKnownFileType = sourcecode.c.h; path = FastCountCell.h; sourceTree = "<group>"; };
		C381B8941D77DA0F00861B90 /* FastCountCell.m */ = {isa = PBXFileReference; fileEncoding = 4; lastKnownFileType = sourcecode.c.objc; path = FastCountCell.m; sourceTree = "<group>"; };
		C381B8951D77DA0F00861B90 /* FastCountView.h */ = {isa = PBXFileReference; fileEncoding = 4; lastKnownFileType = sourcecode.c.h; path = FastCountView.h; sourceTree = "<group>"; };
		C381B8961D77DA0F00861B90 /* FastCountView.m */ = {isa = PBXFileReference; fileEncoding = 4; lastKnownFileType = sourcecode.c.objc; path = FastCountView.m; sourceTree = "<group>"; };
		C381B8971D77DA0F00861B90 /* SelectMethod.h */ = {isa = PBXFileReference; fileEncoding = 4; lastKnownFileType = sourcecode.c.h; path = SelectMethod.h; sourceTree = "<group>"; };
		C381B8981D77DA0F00861B90 /* SelectMethod.m */ = {isa = PBXFileReference; fileEncoding = 4; lastKnownFileType = sourcecode.c.objc; path = SelectMethod.m; sourceTree = "<group>"; };
		C381B8991D77DA0F00861B90 /* SelectNum.h */ = {isa = PBXFileReference; fileEncoding = 4; lastKnownFileType = sourcecode.c.h; path = SelectNum.h; sourceTree = "<group>"; };
		C381B89A1D77DA0F00861B90 /* SelectNum.m */ = {isa = PBXFileReference; fileEncoding = 4; lastKnownFileType = sourcecode.c.objc; path = SelectNum.m; sourceTree = "<group>"; };
		C381B89B1D77DA0F00861B90 /* SelectTimeView.h */ = {isa = PBXFileReference; fileEncoding = 4; lastKnownFileType = sourcecode.c.h; path = SelectTimeView.h; sourceTree = "<group>"; };
		C381B89C1D77DA0F00861B90 /* SelectTimeView.m */ = {isa = PBXFileReference; fileEncoding = 4; lastKnownFileType = sourcecode.c.objc; path = SelectTimeView.m; sourceTree = "<group>"; };
		C381B89E1D77DA0F00861B90 /* FastCountController.h */ = {isa = PBXFileReference; fileEncoding = 4; lastKnownFileType = sourcecode.c.h; path = FastCountController.h; sourceTree = "<group>"; };
		C381B89F1D77DA0F00861B90 /* FastCountController.m */ = {isa = PBXFileReference; fileEncoding = 4; lastKnownFileType = sourcecode.c.objc; path = FastCountController.m; sourceTree = "<group>"; };
		C381B8AA1D77DA3300861B90 /* WrongApi.h */ = {isa = PBXFileReference; fileEncoding = 4; lastKnownFileType = sourcecode.c.h; path = WrongApi.h; sourceTree = "<group>"; };
		C381B8AB1D77DA3300861B90 /* WrongApi.m */ = {isa = PBXFileReference; fileEncoding = 4; lastKnownFileType = sourcecode.c.objc; path = WrongApi.m; sourceTree = "<group>"; };
		C381B8AD1D77DA3300861B90 /* ResultController.h */ = {isa = PBXFileReference; fileEncoding = 4; lastKnownFileType = sourcecode.c.h; path = ResultController.h; sourceTree = "<group>"; };
		C381B8AE1D77DA3300861B90 /* ResultController.m */ = {isa = PBXFileReference; fileEncoding = 4; lastKnownFileType = sourcecode.c.objc; path = ResultController.m; sourceTree = "<group>"; };
		C381B8B01D77DA3300861B90 /* WrongProtocol.h */ = {isa = PBXFileReference; fileEncoding = 4; lastKnownFileType = sourcecode.c.h; path = WrongProtocol.h; sourceTree = "<group>"; };
		C381B8B11D77DA3300861B90 /* WrongProtocol.m */ = {isa = PBXFileReference; fileEncoding = 4; lastKnownFileType = sourcecode.c.objc; path = WrongProtocol.m; sourceTree = "<group>"; };
		C381B8B41D77DA3300861B90 /* TestApi.h */ = {isa = PBXFileReference; fileEncoding = 4; lastKnownFileType = sourcecode.c.h; path = TestApi.h; sourceTree = "<group>"; };
		C381B8B51D77DA3300861B90 /* TestApi.m */ = {isa = PBXFileReference; fileEncoding = 4; lastKnownFileType = sourcecode.c.objc; path = TestApi.m; sourceTree = "<group>"; };
		C381B8B71D77DA3300861B90 /* TestAnswerView.h */ = {isa = PBXFileReference; fileEncoding = 4; lastKnownFileType = sourcecode.c.h; path = TestAnswerView.h; sourceTree = "<group>"; };
		C381B8B81D77DA3300861B90 /* TestAnswerView.m */ = {isa = PBXFileReference; fileEncoding = 4; lastKnownFileType = sourcecode.c.objc; path = TestAnswerView.m; sourceTree = "<group>"; };
		C381B8B91D77DA3300861B90 /* TestAnswerView.xib */ = {isa = PBXFileReference; fileEncoding = 4; lastKnownFileType = file.xib; path = TestAnswerView.xib; sourceTree = "<group>"; };
		C381B8BA1D77DA3300861B90 /* TestCorrectView.h */ = {isa = PBXFileReference; fileEncoding = 4; lastKnownFileType = sourcecode.c.h; path = TestCorrectView.h; sourceTree = "<group>"; };
		C381B8BB1D77DA3300861B90 /* TestCorrectView.m */ = {isa = PBXFileReference; fileEncoding = 4; lastKnownFileType = sourcecode.c.objc; path = TestCorrectView.m; sourceTree = "<group>"; };
		C381B8BC1D77DA3300861B90 /* TestShowView.h */ = {isa = PBXFileReference; fileEncoding = 4; lastKnownFileType = sourcecode.c.h; path = TestShowView.h; sourceTree = "<group>"; };
		C381B8BD1D77DA3300861B90 /* TestShowView.m */ = {isa = PBXFileReference; fileEncoding = 4; lastKnownFileType = sourcecode.c.objc; path = TestShowView.m; sourceTree = "<group>"; };
		C381B8BE1D77DA3300861B90 /* TestWrongView.h */ = {isa = PBXFileReference; fileEncoding = 4; lastKnownFileType = sourcecode.c.h; path = TestWrongView.h; sourceTree = "<group>"; };
		C381B8BF1D77DA3300861B90 /* TestWrongView.m */ = {isa = PBXFileReference; fileEncoding = 4; lastKnownFileType = sourcecode.c.objc; path = TestWrongView.m; sourceTree = "<group>"; };
		C381B8C11D77DA3300861B90 /* TestViewController.h */ = {isa = PBXFileReference; fileEncoding = 4; lastKnownFileType = sourcecode.c.h; path = TestViewController.h; sourceTree = "<group>"; };
		C381B8C21D77DA3300861B90 /* TestViewController.m */ = {isa = PBXFileReference; fileEncoding = 4; lastKnownFileType = sourcecode.c.objc; path = TestViewController.m; sourceTree = "<group>"; };
		C38F914D1D6C293D00DAB78B /* FFRing.png */ = {isa = PBXFileReference; lastKnownFileType = image.png; path = FFRing.png; sourceTree = "<group>"; };
		C38F914E1D6C293D00DAB78B /* FFTspark.png */ = {isa = PBXFileReference; lastKnownFileType = image.png; path = FFTspark.png; sourceTree = "<group>"; };
		C38F91991D6C534000DAB78B /* alpha@2x.png */ = {isa = PBXFileReference; lastKnownFileType = image.png; path = "alpha@2x.png"; sourceTree = "<group>"; };
		C38F919A1D6C534000DAB78B /* snow@2x.png */ = {isa = PBXFileReference; lastKnownFileType = image.png; path = "snow@2x.png"; sourceTree = "<group>"; };
		C3908E8E1D69B54400DDAD3C /* 1.jpg */ = {isa = PBXFileReference; lastKnownFileType = image.jpeg; path = 1.jpg; sourceTree = "<group>"; };
		C3908E8F1D69B54400DDAD3C /* 2.jpg */ = {isa = PBXFileReference; lastKnownFileType = image.jpeg; path = 2.jpg; sourceTree = "<group>"; };
		C3908E901D69B54400DDAD3C /* 3.jpg */ = {isa = PBXFileReference; lastKnownFileType = image.jpeg; path = 3.jpg; sourceTree = "<group>"; };
		C3908E911D69B54400DDAD3C /* 4.jpg */ = {isa = PBXFileReference; lastKnownFileType = image.jpeg; path = 4.jpg; sourceTree = "<group>"; };
		C3908E921D69B54400DDAD3C /* go.png */ = {isa = PBXFileReference; lastKnownFileType = image.png; path = go.png; sourceTree = "<group>"; };
		C3908E931D69B54400DDAD3C /* time0.png */ = {isa = PBXFileReference; lastKnownFileType = image.png; path = time0.png; sourceTree = "<group>"; };
		C3908E941D69B54400DDAD3C /* time1.png */ = {isa = PBXFileReference; lastKnownFileType = image.png; path = time1.png; sourceTree = "<group>"; };
		C3908E951D69B54400DDAD3C /* time2.png */ = {isa = PBXFileReference; lastKnownFileType = image.png; path = time2.png; sourceTree = "<group>"; };
		C3908E961D69B54400DDAD3C /* time3.png */ = {isa = PBXFileReference; lastKnownFileType = image.png; path = time3.png; sourceTree = "<group>"; };
		C3B5F6A81D6D788D00BA5D3B /* MemonryController.h */ = {isa = PBXFileReference; fileEncoding = 4; lastKnownFileType = sourcecode.c.h; path = MemonryController.h; sourceTree = "<group>"; };
		C3B5F6A91D6D788D00BA5D3B /* MemonryController.m */ = {isa = PBXFileReference; fileEncoding = 4; lastKnownFileType = sourcecode.c.objc; path = MemonryController.m; sourceTree = "<group>"; };
		C3B5F6AB1D6D79D700BA5D3B /* MemonryNumsView.h */ = {isa = PBXFileReference; fileEncoding = 4; lastKnownFileType = sourcecode.c.h; path = MemonryNumsView.h; sourceTree = "<group>"; };
		C3B5F6AC1D6D79D700BA5D3B /* MemonryNumsView.m */ = {isa = PBXFileReference; fileEncoding = 4; lastKnownFileType = sourcecode.c.objc; path = MemonryNumsView.m; sourceTree = "<group>"; };
		C3B7E2521D77F5AA0033B9E7 /* MemonryApi.h */ = {isa = PBXFileReference; fileEncoding = 4; lastKnownFileType = sourcecode.c.h; path = MemonryApi.h; sourceTree = "<group>"; };
		C3B7E2531D77F5AA0033B9E7 /* MemonryApi.m */ = {isa = PBXFileReference; fileEncoding = 4; lastKnownFileType = sourcecode.c.objc; path = MemonryApi.m; sourceTree = "<group>"; };
		C3B7E2621D77FC890033B9E7 /* MemonryProtocol.h */ = {isa = PBXFileReference; fileEncoding = 4; lastKnownFileType = sourcecode.c.h; name = MemonryProtocol.h; path = KillBrain/Memorny/Api/MemonryProtocol.h; sourceTree = SOURCE_ROOT; };
		C3B7E2631D77FC890033B9E7 /* MemonryProtocol.m */ = {isa = PBXFileReference; fileEncoding = 4; lastKnownFileType = sourcecode.c.objc; name = MemonryProtocol.m; path = KillBrain/Memorny/Api/MemonryProtocol.m; sourceTree = SOURCE_ROOT; };
		C3B7E2661D7800DD0033B9E7 /* AppDelegate.h */ = {isa = PBXFileReference; fileEncoding = 4; lastKnownFileType = sourcecode.c.h; path = AppDelegate.h; sourceTree = "<group>"; };
		C3B7E2671D7800DD0033B9E7 /* AppDelegate.m */ = {isa = PBXFileReference; fileEncoding = 4; lastKnownFileType = sourcecode.c.objc; path = AppDelegate.m; sourceTree = "<group>"; };
		C3B7E2681D7800DD0033B9E7 /* Main.storyboard */ = {isa = PBXFileReference; fileEncoding = 4; lastKnownFileType = file.storyboard; path = Main.storyboard; sourceTree = "<group>"; };
		C3B7E2691D7800DD0033B9E7 /* CommonHeader.h */ = {isa = PBXFileReference; fileEncoding = 4; lastKnownFileType = sourcecode.c.h; path = CommonHeader.h; sourceTree = "<group>"; };
		C3B7E26A1D7800DD0033B9E7 /* PrefixHeader.pch */ = {isa = PBXFileReference; fileEncoding = 4; lastKnownFileType = sourcecode.c.h; path = PrefixHeader.pch; sourceTree = "<group>"; };
		C3B7E26D1D7805B80033B9E7 /* CustomController.h */ = {isa = PBXFileReference; fileEncoding = 4; lastKnownFileType = sourcecode.c.h; path = CustomController.h; sourceTree = "<group>"; };
		C3B7E26E1D7805B80033B9E7 /* CustomController.m */ = {isa = PBXFileReference; fileEncoding = 4; lastKnownFileType = sourcecode.c.objc; path = CustomController.m; sourceTree = "<group>"; };
/* End PBXFileReference section */

/* Begin PBXFrameworksBuildPhase section */
		C326845F1D68641300E1BAA6 /* Frameworks */ = {
			isa = PBXFrameworksBuildPhase;
			buildActionMask = 2147483647;
			files = (
				3A2A22ED077064B811980A57 /* libPods.a in Frameworks */,
			);
			runOnlyForDeploymentPostprocessing = 0;
		};
		C32684781D68641300E1BAA6 /* Frameworks */ = {
			isa = PBXFrameworksBuildPhase;
			buildActionMask = 2147483647;
			files = (
			);
			runOnlyForDeploymentPostprocessing = 0;
		};
		C32684831D68641300E1BAA6 /* Frameworks */ = {
			isa = PBXFrameworksBuildPhase;
			buildActionMask = 2147483647;
			files = (
			);
			runOnlyForDeploymentPostprocessing = 0;
		};
/* End PBXFrameworksBuildPhase section */

/* Begin PBXGroup section */
		C2D38553037633CE3E7E8441 /* Pods */ = {
			isa = PBXGroup;
			children = (
				66A61285C8CB7235F6CD55F5 /* Pods.debug.xcconfig */,
				31C90C3A4258030E0DCB7CE0 /* Pods.release.xcconfig */,
			);
			name = Pods;
			sourceTree = "<group>";
		};
		C32684591D68641300E1BAA6 = {
			isa = PBXGroup;
			children = (
				C32684641D68641300E1BAA6 /* KillBrain */,
				C326847E1D68641300E1BAA6 /* KillBrainTests */,
				C32684891D68641300E1BAA6 /* KillBrainUITests */,
				C32684631D68641300E1BAA6 /* Products */,
				C2D38553037633CE3E7E8441 /* Pods */,
				FC46B5A375D20361C9808372 /* Frameworks */,
			);
			sourceTree = "<group>";
		};
		C32684631D68641300E1BAA6 /* Products */ = {
			isa = PBXGroup;
			children = (
				C32684621D68641300E1BAA6 /* KillBrain.app */,
				C326847B1D68641300E1BAA6 /* KillBrainTests.xctest */,
				C32684861D68641300E1BAA6 /* KillBrainUITests.xctest */,
			);
			name = Products;
			sourceTree = "<group>";
		};
		C32684641D68641300E1BAA6 /* KillBrain */ = {
			isa = PBXGroup;
			children = (
				C3B7E2551D77F9960033B9E7 /* Other */,
				C3908E8D1D69B54400DDAD3C /* images */,
				C32684BC1D68760F00E1BAA6 /* Home */,
				C3B5F6A31D6D786D00BA5D3B /* Memorny */,
				C32C9A241D766E6A0040863D /* WordsLink */,
				C3B7E25D1D77FBED0033B9E7 /* Custom */,
				C32684A51D686B0700E1BAA6 /* Category */,
				C32684711D68641300E1BAA6 /* Assets.xcassets */,
				C32684731D68641300E1BAA6 /* LaunchScreen.storyboard */,
				C32684761D68641300E1BAA6 /* Info.plist */,
				C32684651D68641300E1BAA6 /* Supporting Files */,
			);
			path = KillBrain;
			sourceTree = "<group>";
		};
		C32684651D68641300E1BAA6 /* Supporting Files */ = {
			isa = PBXGroup;
			children = (
				C32684661D68641300E1BAA6 /* main.m */,
			);
			name = "Supporting Files";
			sourceTree = "<group>";
		};
		C326847E1D68641300E1BAA6 /* KillBrainTests */ = {
			isa = PBXGroup;
			children = (
				C326847F1D68641300E1BAA6 /* KillBrainTests.m */,
				C32684811D68641300E1BAA6 /* Info.plist */,
			);
			path = KillBrainTests;
			sourceTree = "<group>";
		};
		C32684891D68641300E1BAA6 /* KillBrainUITests */ = {
			isa = PBXGroup;
			children = (
				C326848A1D68641300E1BAA6 /* KillBrainUITests.m */,
				C326848C1D68641300E1BAA6 /* Info.plist */,
			);
			path = KillBrainUITests;
			sourceTree = "<group>";
		};
		C32684A51D686B0700E1BAA6 /* Category */ = {
			isa = PBXGroup;
			children = (
				C32684A61D686B1000E1BAA6 /* KKView+Common.h */,
				C32684A71D686B1000E1BAA6 /* KKView+Common.m */,
				C32684A81D686B1000E1BAA6 /* KKView+KKExtension.h */,
				C32684A91D686B1000E1BAA6 /* KKView+KKExtension.m */,
				C32684AA1D686B1000E1BAA6 /* UIImage+Extension.h */,
				C32684AB1D686B1000E1BAA6 /* UIImage+Extension.m */,
			);
			path = Category;
			sourceTree = "<group>";
		};
		C32684BC1D68760F00E1BAA6 /* Home */ = {
			isa = PBXGroup;
			children = (
				C381B8CD1D77E01400861B90 /* Main */,
				C381B8A81D77DA3300861B90 /* Result */,
				C381B8B21D77DA3300861B90 /* Testing */,
				C381B88B1D77DA0F00861B90 /* FastCount */,
			);
			path = Home;
			sourceTree = "<group>";
		};
		C32C9A241D766E6A0040863D /* WordsLink */ = {
			isa = PBXGroup;
			children = (
				C32C9A251D766E6A0040863D /* Api */,
				C32C9A261D766E6A0040863D /* Protocol */,
				C32C9A271D766E6A0040863D /* View */,
				C32C9A281D766E6A0040863D /* ViewController */,
			);
			path = WordsLink;
			sourceTree = "<group>";
		};
		C32C9A251D766E6A0040863D /* Api */ = {
			isa = PBXGroup;
			children = (
				C381B8761D77CD1100861B90 /* WordsApi.h */,
				C381B8771D77CD1100861B90 /* WordsApi.m */,
			);
			path = Api;
			sourceTree = "<group>";
		};
		C32C9A261D766E6A0040863D /* Protocol */ = {
			isa = PBXGroup;
			children = (
				C381B8731D77CBBE00861B90 /* WordsLinkProtocol.h */,
				C381B8741D77CBBE00861B90 /* WordsLinkProtocol.m */,
			);
			path = Protocol;
			sourceTree = "<group>";
		};
		C32C9A271D766E6A0040863D /* View */ = {
			isa = PBXGroup;
			children = (
				C32C9A2C1D7675350040863D /* WordsMainView.h */,
				C32C9A2D1D7675350040863D /* WordsMainView.m */,
			);
			path = View;
			sourceTree = "<group>";
		};
		C32C9A281D766E6A0040863D /* ViewController */ = {
			isa = PBXGroup;
			children = (
				C32C9A291D766E800040863D /* WordsLinkController.h */,
				C32C9A2A1D766E800040863D /* WordsLinkController.m */,
			);
			path = ViewController;
			sourceTree = "<group>";
		};
		C381B87C1D77D99E00861B90 /* Protocol */ = {
			isa = PBXGroup;
			children = (
				C381B87D1D77D99E00861B90 /* MainViewProtocol.h */,
				C381B87E1D77D99E00861B90 /* MainViewProtocol.m */,
			);
			name = Protocol;
			path = KillBrain/Protocol;
			sourceTree = SOURCE_ROOT;
		};
		C381B88B1D77DA0F00861B90 /* FastCount */ = {
			isa = PBXGroup;
			children = (
				C381B88C1D77DA0F00861B90 /* Api */,
				C381B88F1D77DA0F00861B90 /* Protocol */,
				C381B8921D77DA0F00861B90 /* View */,
				C381B89D1D77DA0F00861B90 /* ViewController */,
			);
			name = FastCount;
			path = KillBrain/FastCount;
			sourceTree = SOURCE_ROOT;
		};
		C381B88C1D77DA0F00861B90 /* Api */ = {
			isa = PBXGroup;
			children = (
				C381B88D1D77DA0F00861B90 /* FastCountApi.h */,
				C381B88E1D77DA0F00861B90 /* FastCountApi.m */,
			);
			path = Api;
			sourceTree = "<group>";
		};
		C381B88F1D77DA0F00861B90 /* Protocol */ = {
			isa = PBXGroup;
			children = (
				C381B8901D77DA0F00861B90 /* FastCountProtocol.h */,
				C381B8911D77DA0F00861B90 /* FastCountProtocol.m */,
			);
			path = Protocol;
			sourceTree = "<group>";
		};
		C381B8921D77DA0F00861B90 /* View */ = {
			isa = PBXGroup;
			children = (
				C381B8931D77DA0F00861B90 /* FastCountCell.h */,
				C381B8941D77DA0F00861B90 /* FastCountCell.m */,
				C381B8951D77DA0F00861B90 /* FastCountView.h */,
				C381B8961D77DA0F00861B90 /* FastCountView.m */,
				C381B8971D77DA0F00861B90 /* SelectMethod.h */,
				C381B8981D77DA0F00861B90 /* SelectMethod.m */,
				C381B8991D77DA0F00861B90 /* SelectNum.h */,
				C381B89A1D77DA0F00861B90 /* SelectNum.m */,
				C381B89B1D77DA0F00861B90 /* SelectTimeView.h */,
				C381B89C1D77DA0F00861B90 /* SelectTimeView.m */,
			);
			path = View;
			sourceTree = "<group>";
		};
		C381B89D1D77DA0F00861B90 /* ViewController */ = {
			isa = PBXGroup;
			children = (
				C381B89E1D77DA0F00861B90 /* FastCountController.h */,
				C381B89F1D77DA0F00861B90 /* FastCountController.m */,
			);
			path = ViewController;
			sourceTree = "<group>";
		};
		C381B8A81D77DA3300861B90 /* Result */ = {
			isa = PBXGroup;
			children = (
				C381B8A91D77DA3300861B90 /* Api */,
				C381B8AC1D77DA3300861B90 /* Controller */,
				C381B8AF1D77DA3300861B90 /* Protocol */,
			);
			name = Result;
			path = KillBrain/Result;
			sourceTree = SOURCE_ROOT;
		};
		C381B8A91D77DA3300861B90 /* Api */ = {
			isa = PBXGroup;
			children = (
				C381B8AA1D77DA3300861B90 /* WrongApi.h */,
				C381B8AB1D77DA3300861B90 /* WrongApi.m */,
			);
			path = Api;
			sourceTree = "<group>";
		};
		C381B8AC1D77DA3300861B90 /* Controller */ = {
			isa = PBXGroup;
			children = (
				C381B8AD1D77DA3300861B90 /* ResultController.h */,
				C381B8AE1D77DA3300861B90 /* ResultController.m */,
			);
			path = Controller;
			sourceTree = "<group>";
		};
		C381B8AF1D77DA3300861B90 /* Protocol */ = {
			isa = PBXGroup;
			children = (
				C381B8B01D77DA3300861B90 /* WrongProtocol.h */,
				C381B8B11D77DA3300861B90 /* WrongProtocol.m */,
			);
			path = Protocol;
			sourceTree = "<group>";
		};
		C381B8B21D77DA3300861B90 /* Testing */ = {
			isa = PBXGroup;
			children = (
				C381B8B31D77DA3300861B90 /* Api */,
				C381B8B61D77DA3300861B90 /* View */,
				C381B8C01D77DA3300861B90 /* ViewController */,
			);
			name = Testing;
			path = KillBrain/Testing;
			sourceTree = SOURCE_ROOT;
		};
		C381B8B31D77DA3300861B90 /* Api */ = {
			isa = PBXGroup;
			children = (
				C381B8B41D77DA3300861B90 /* TestApi.h */,
				C381B8B51D77DA3300861B90 /* TestApi.m */,
			);
			path = Api;
			sourceTree = "<group>";
		};
		C381B8B61D77DA3300861B90 /* View */ = {
			isa = PBXGroup;
			children = (
				C381B8B71D77DA3300861B90 /* TestAnswerView.h */,
				C381B8B81D77DA3300861B90 /* TestAnswerView.m */,
				C381B8B91D77DA3300861B90 /* TestAnswerView.xib */,
				C381B8BA1D77DA3300861B90 /* TestCorrectView.h */,
				C381B8BB1D77DA3300861B90 /* TestCorrectView.m */,
				C381B8BC1D77DA3300861B90 /* TestShowView.h */,
				C381B8BD1D77DA3300861B90 /* TestShowView.m */,
				C381B8BE1D77DA3300861B90 /* TestWrongView.h */,
				C381B8BF1D77DA3300861B90 /* TestWrongView.m */,
			);
			path = View;
			sourceTree = "<group>";
		};
		C381B8C01D77DA3300861B90 /* ViewController */ = {
			isa = PBXGroup;
			children = (
				C381B8C11D77DA3300861B90 /* TestViewController.h */,
				C381B8C21D77DA3300861B90 /* TestViewController.m */,
			);
			path = ViewController;
			sourceTree = "<group>";
		};
		C381B8CD1D77E01400861B90 /* Main */ = {
			isa = PBXGroup;
			children = (
				C381B87C1D77D99E00861B90 /* Protocol */,
				C381B8CE1D77E01400861B90 /* Controller */,
				C381B8CF1D77E01400861B90 /* View */,
			);
			name = Main;
			path = ../../../../Main;
			sourceTree = "<group>";
		};
		C381B8CE1D77E01400861B90 /* Controller */ = {
			isa = PBXGroup;
			children = (
				C381B8851D77D9F000861B90 /* MainViewController.h */,
				C381B8861D77D9F000861B90 /* MainViewController.m */,
			);
			path = Controller;
			sourceTree = "<group>";
		};
		C381B8CF1D77E01400861B90 /* View */ = {
			isa = PBXGroup;
			children = (
				C381B8801D77D9F000861B90 /* MainShowView.h */,
				C381B8811D77D9F000861B90 /* MainShowView.m */,
				C381B8821D77D9F000861B90 /* MainTableViewCell.h */,
				C381B8831D77D9F000861B90 /* MainTableViewCell.m */,
				C381B8841D77D9F000861B90 /* MainTableViewCell.xib */,
			);
			path = View;
			sourceTree = "<group>";
		};
		C3908E8D1D69B54400DDAD3C /* images */ = {
			isa = PBXGroup;
			children = (
				C38F91991D6C534000DAB78B /* alpha@2x.png */,
				C38F919A1D6C534000DAB78B /* snow@2x.png */,
				C38F914D1D6C293D00DAB78B /* FFRing.png */,
				C38F914E1D6C293D00DAB78B /* FFTspark.png */,
				C33AA25C1D6AA4B9002BE484 /* log.png */,
				C3908E8E1D69B54400DDAD3C /* 1.jpg */,
				C3908E8F1D69B54400DDAD3C /* 2.jpg */,
				C3908E901D69B54400DDAD3C /* 3.jpg */,
				C3908E911D69B54400DDAD3C /* 4.jpg */,
				C3908E921D69B54400DDAD3C /* go.png */,
				C3908E931D69B54400DDAD3C /* time0.png */,
				C3908E941D69B54400DDAD3C /* time1.png */,
				C3908E951D69B54400DDAD3C /* time2.png */,
				C3908E961D69B54400DDAD3C /* time3.png */,
			);
			path = images;
			sourceTree = "<group>";
		};
		C3B5F6A31D6D786D00BA5D3B /* Memorny */ = {
			isa = PBXGroup;
			children = (
				C3B7E2511D77F59E0033B9E7 /* Api */,
				C3B5F6A51D6D786D00BA5D3B /* Controller */,
				C3B5F6A61D6D786D00BA5D3B /* Protocol */,
				C3B5F6A71D6D786D00BA5D3B /* View */,
			);
			path = Memorny;
			sourceTree = "<group>";
		};
		C3B5F6A51D6D786D00BA5D3B /* Controller */ = {
			isa = PBXGroup;
			children = (
				C3B5F6A81D6D788D00BA5D3B /* MemonryController.h */,
				C3B5F6A91D6D788D00BA5D3B /* MemonryController.m */,
			);
			path = Controller;
			sourceTree = "<group>";
		};
		C3B5F6A61D6D786D00BA5D3B /* Protocol */ = {
			isa = PBXGroup;
			children = (
				C3B7E2621D77FC890033B9E7 /* MemonryProtocol.h */,
				C3B7E2631D77FC890033B9E7 /* MemonryProtocol.m */,
			);
			path = Protocol;
			sourceTree = "<group>";
		};
		C3B5F6A71D6D786D00BA5D3B /* View */ = {
			isa = PBXGroup;
			children = (
				C3B5F6AB1D6D79D700BA5D3B /* MemonryNumsView.h */,
				C3B5F6AC1D6D79D700BA5D3B /* MemonryNumsView.m */,
			);
			path = View;
			sourceTree = "<group>";
		};
		C3B7E2511D77F59E0033B9E7 /* Api */ = {
			isa = PBXGroup;
			children = (
				C3B7E2521D77F5AA0033B9E7 /* MemonryApi.h */,
				C3B7E2531D77F5AA0033B9E7 /* MemonryApi.m */,
			);
			path = Api;
			sourceTree = "<group>";
		};
		C3B7E2551D77F9960033B9E7 /* Other */ = {
			isa = PBXGroup;
			children = (
				C3B7E2661D7800DD0033B9E7 /* AppDelegate.h */,
				C3B7E2671D7800DD0033B9E7 /* AppDelegate.m */,
				C3B7E2681D7800DD0033B9E7 /* Main.storyboard */,
				C3B7E2691D7800DD0033B9E7 /* CommonHeader.h */,
				C3B7E26A1D7800DD0033B9E7 /* PrefixHeader.pch */,
			);
			path = Other;
			sourceTree = "<group>";
		};
		C3B7E25D1D77FBED0033B9E7 /* Custom */ = {
			isa = PBXGroup;
			children = (
				C3B7E2611D77FC230033B9E7 /* Api */,
				C3B7E2601D77FC190033B9E7 /* Protocol */,
				C3B7E25F1D77FC0C0033B9E7 /* View */,
				C3B7E25E1D77FBFF0033B9E7 /* Controller */,
			);
			path = Custom;
			sourceTree = "<group>";
		};
		C3B7E25E1D77FBFF0033B9E7 /* Controller */ = {
			isa = PBXGroup;
			children = (
				C3B7E26D1D7805B80033B9E7 /* CustomController.h */,
				C3B7E26E1D7805B80033B9E7 /* CustomController.m */,
			);
			path = Controller;
			sourceTree = "<group>";
		};
		C3B7E25F1D77FC0C0033B9E7 /* View */ = {
			isa = PBXGroup;
			children = (
			);
			path = View;
			sourceTree = "<group>";
		};
		C3B7E2601D77FC190033B9E7 /* Protocol */ = {
			isa = PBXGroup;
			children = (
			);
			path = Protocol;
			sourceTree = "<group>";
		};
		C3B7E2611D77FC230033B9E7 /* Api */ = {
			isa = PBXGroup;
			children = (
			);
			path = Api;
			sourceTree = "<group>";
		};
		FC46B5A375D20361C9808372 /* Frameworks */ = {
			isa = PBXGroup;
			children = (
				2F3F498FA7446CF1FAD2C7B8 /* libPods.a */,
			);
			name = Frameworks;
			sourceTree = "<group>";
		};
/* End PBXGroup section */

/* Begin PBXNativeTarget section */
		C32684611D68641300E1BAA6 /* KillBrain */ = {
			isa = PBXNativeTarget;
			buildConfigurationList = C326848F1D68641300E1BAA6 /* Build configuration list for PBXNativeTarget "KillBrain" */;
			buildPhases = (
				186BBB89342DB01EEE9ECEB6 /* Check Pods Manifest.lock */,
				C326845E1D68641300E1BAA6 /* Sources */,
				C326845F1D68641300E1BAA6 /* Frameworks */,
				C32684601D68641300E1BAA6 /* Resources */,
				A92089F51CEA341D058931E2 /* Embed Pods Frameworks */,
				F4A1780513F594DAB32B98F7 /* Copy Pods Resources */,
			);
			buildRules = (
			);
			dependencies = (
			);
			name = KillBrain;
			productName = KillBrain;
			productReference = C32684621D68641300E1BAA6 /* KillBrain.app */;
			productType = "com.apple.product-type.application";
		};
		C326847A1D68641300E1BAA6 /* KillBrainTests */ = {
			isa = PBXNativeTarget;
			buildConfigurationList = C32684921D68641300E1BAA6 /* Build configuration list for PBXNativeTarget "KillBrainTests" */;
			buildPhases = (
				C32684771D68641300E1BAA6 /* Sources */,
				C32684781D68641300E1BAA6 /* Frameworks */,
				C32684791D68641300E1BAA6 /* Resources */,
			);
			buildRules = (
			);
			dependencies = (
				C326847D1D68641300E1BAA6 /* PBXTargetDependency */,
			);
			name = KillBrainTests;
			productName = KillBrainTests;
			productReference = C326847B1D68641300E1BAA6 /* KillBrainTests.xctest */;
			productType = "com.apple.product-type.bundle.unit-test";
		};
		C32684851D68641300E1BAA6 /* KillBrainUITests */ = {
			isa = PBXNativeTarget;
			buildConfigurationList = C32684951D68641300E1BAA6 /* Build configuration list for PBXNativeTarget "KillBrainUITests" */;
			buildPhases = (
				C32684821D68641300E1BAA6 /* Sources */,
				C32684831D68641300E1BAA6 /* Frameworks */,
				C32684841D68641300E1BAA6 /* Resources */,
			);
			buildRules = (
			);
			dependencies = (
				C32684881D68641300E1BAA6 /* PBXTargetDependency */,
			);
			name = KillBrainUITests;
			productName = KillBrainUITests;
			productReference = C32684861D68641300E1BAA6 /* KillBrainUITests.xctest */;
			productType = "com.apple.product-type.bundle.ui-testing";
		};
/* End PBXNativeTarget section */

/* Begin PBXProject section */
		C326845A1D68641300E1BAA6 /* Project object */ = {
			isa = PBXProject;
			attributes = {
				LastUpgradeCheck = 0720;
				ORGANIZATIONNAME = "Li Kelin";
				TargetAttributes = {
					C32684611D68641300E1BAA6 = {
						CreatedOnToolsVersion = 7.2.1;
					};
					C326847A1D68641300E1BAA6 = {
						CreatedOnToolsVersion = 7.2.1;
						TestTargetID = C32684611D68641300E1BAA6;
					};
					C32684851D68641300E1BAA6 = {
						CreatedOnToolsVersion = 7.2.1;
						TestTargetID = C32684611D68641300E1BAA6;
					};
				};
			};
			buildConfigurationList = C326845D1D68641300E1BAA6 /* Build configuration list for PBXProject "KillBrain" */;
			compatibilityVersion = "Xcode 3.2";
			developmentRegion = English;
			hasScannedForEncodings = 0;
			knownRegions = (
				en,
				Base,
			);
			mainGroup = C32684591D68641300E1BAA6;
			productRefGroup = C32684631D68641300E1BAA6 /* Products */;
			projectDirPath = "";
			projectRoot = "";
			targets = (
				C32684611D68641300E1BAA6 /* KillBrain */,
				C326847A1D68641300E1BAA6 /* KillBrainTests */,
				C32684851D68641300E1BAA6 /* KillBrainUITests */,
			);
		};
/* End PBXProject section */

/* Begin PBXResourcesBuildPhase section */
		C32684601D68641300E1BAA6 /* Resources */ = {
			isa = PBXResourcesBuildPhase;
			buildActionMask = 2147483647;
			files = (
				C38F919C1D6C534000DAB78B /* snow@2x.png in Resources */,
				C32684751D68641300E1BAA6 /* LaunchScreen.storyboard in Resources */,
				C32684721D68641300E1BAA6 /* Assets.xcassets in Resources */,
				C3908E981D69B54400DDAD3C /* 2.jpg in Resources */,
				C3908E971D69B54400DDAD3C /* 1.jpg in Resources */,
				C38F91501D6C293D00DAB78B /* FFTspark.png in Resources */,
				C3908E9B1D69B54400DDAD3C /* go.png in Resources */,
				C38F919B1D6C534000DAB78B /* alpha@2x.png in Resources */,
				C3908E9A1D69B54400DDAD3C /* 4.jpg in Resources */,
				C381B8C81D77DA3300861B90 /* TestAnswerView.xib in Resources */,
				C3908E9D1D69B54400DDAD3C /* time1.png in Resources */,
				C38F914F1D6C293D00DAB78B /* FFRing.png in Resources */,
				C33AA25D1D6AA4B9002BE484 /* log.png in Resources */,
				C381B8891D77D9F000861B90 /* MainTableViewCell.xib in Resources */,
				C3908E9C1D69B54400DDAD3C /* time0.png in Resources */,
				C3908E9E1D69B54400DDAD3C /* time2.png in Resources */,
				C3908E9F1D69B54400DDAD3C /* time3.png in Resources */,
				C3B7E26C1D7800DD0033B9E7 /* Main.storyboard in Resources */,
				C3908E991D69B54400DDAD3C /* 3.jpg in Resources */,
			);
			runOnlyForDeploymentPostprocessing = 0;
		};
		C32684791D68641300E1BAA6 /* Resources */ = {
			isa = PBXResourcesBuildPhase;
			buildActionMask = 2147483647;
			files = (
			);
			runOnlyForDeploymentPostprocessing = 0;
		};
		C32684841D68641300E1BAA6 /* Resources */ = {
			isa = PBXResourcesBuildPhase;
			buildActionMask = 2147483647;
			files = (
			);
			runOnlyForDeploymentPostprocessing = 0;
		};
/* End PBXResourcesBuildPhase section */

/* Begin PBXShellScriptBuildPhase section */
		186BBB89342DB01EEE9ECEB6 /* Check Pods Manifest.lock */ = {
			isa = PBXShellScriptBuildPhase;
			buildActionMask = 2147483647;
			files = (
			);
			inputPaths = (
			);
			name = "Check Pods Manifest.lock";
			outputPaths = (
			);
			runOnlyForDeploymentPostprocessing = 0;
			shellPath = /bin/sh;
			shellScript = "diff \"${PODS_ROOT}/../Podfile.lock\" \"${PODS_ROOT}/Manifest.lock\" > /dev/null\nif [[ $? != 0 ]] ; then\n    cat << EOM\nerror: The sandbox is not in sync with the Podfile.lock. Run 'pod install' or update your CocoaPods installation.\nEOM\n    exit 1\nfi\n";
			showEnvVarsInLog = 0;
		};
		A92089F51CEA341D058931E2 /* Embed Pods Frameworks */ = {
			isa = PBXShellScriptBuildPhase;
			buildActionMask = 2147483647;
			files = (
			);
			inputPaths = (
			);
			name = "Embed Pods Frameworks";
			outputPaths = (
			);
			runOnlyForDeploymentPostprocessing = 0;
			shellPath = /bin/sh;
			shellScript = "\"${SRCROOT}/Pods/Target Support Files/Pods/Pods-frameworks.sh\"\n";
			showEnvVarsInLog = 0;
		};
		F4A1780513F594DAB32B98F7 /* Copy Pods Resources */ = {
			isa = PBXShellScriptBuildPhase;
			buildActionMask = 2147483647;
			files = (
			);
			inputPaths = (
			);
			name = "Copy Pods Resources";
			outputPaths = (
			);
			runOnlyForDeploymentPostprocessing = 0;
			shellPath = /bin/sh;
			shellScript = "\"${SRCROOT}/Pods/Target Support Files/Pods/Pods-resources.sh\"\n";
			showEnvVarsInLog = 0;
		};
/* End PBXShellScriptBuildPhase section */

/* Begin PBXSourcesBuildPhase section */
		C326845E1D68641300E1BAA6 /* Sources */ = {
			isa = PBXSourcesBuildPhase;
			buildActionMask = 2147483647;
			files = (
				C381B8A61D77DA0F00861B90 /* SelectTimeView.m in Sources */,
				C381B8CA1D77DA3300861B90 /* TestShowView.m in Sources */,
				C32684AC1D686B1000E1BAA6 /* KKView+Common.m in Sources */,
				C381B8C51D77DA3300861B90 /* WrongProtocol.m in Sources */,
				C381B8751D77CBBE00861B90 /* WordsLinkProtocol.m in Sources */,
				C381B8C31D77DA3300861B90 /* WrongApi.m in Sources */,
				C32684AD1D686B1000E1BAA6 /* KKView+KKExtension.m in Sources */,
				C381B8A21D77DA0F00861B90 /* FastCountCell.m in Sources */,
				C32C9A2E1D7675350040863D /* WordsMainView.m in Sources */,
				C381B8A11D77DA0F00861B90 /* FastCountProtocol.m in Sources */,
				C381B8871D77D9F000861B90 /* MainShowView.m in Sources */,
				C3B7E2641D77FC890033B9E7 /* MemonryProtocol.m in Sources */,
				C3B7E26F1D7805B80033B9E7 /* CustomController.m in Sources */,
				C381B8A71D77DA0F00861B90 /* FastCountController.m in Sources */,
				C381B8A51D77DA0F00861B90 /* SelectNum.m in Sources */,
				C3B7E26B1D7800DD0033B9E7 /* AppDelegate.m in Sources */,
				C381B8CC1D77DA3300861B90 /* TestViewController.m in Sources */,
				C381B8881D77D9F000861B90 /* MainTableViewCell.m in Sources */,
				C3B5F6AA1D6D788D00BA5D3B /* MemonryController.m in Sources */,
				C381B8C91D77DA3300861B90 /* TestCorrectView.m in Sources */,
				C3B5F6AD1D6D79D700BA5D3B /* MemonryNumsView.m in Sources */,
				C381B8A41D77DA0F00861B90 /* SelectMethod.m in Sources */,
				C381B88A1D77D9F000861B90 /* MainViewController.m in Sources */,
				C381B8C71D77DA3300861B90 /* TestAnswerView.m in Sources */,
				C32684671D68641300E1BAA6 /* main.m in Sources */,
				C381B8A31D77DA0F00861B90 /* FastCountView.m in Sources */,
				C381B8C41D77DA3300861B90 /* ResultController.m in Sources */,
				C381B8781D77CD1100861B90 /* WordsApi.m in Sources */,
				C32684AE1D686B1000E1BAA6 /* UIImage+Extension.m in Sources */,
				C32C9A2B1D766E800040863D /* WordsLinkController.m in Sources */,
				C381B8C61D77DA3300861B90 /* TestApi.m in Sources */,
				C381B87F1D77D99E00861B90 /* MainViewProtocol.m in Sources */,
				C381B8A01D77DA0F00861B90 /* FastCountApi.m in Sources */,
				C381B8CB1D77DA3300861B90 /* TestWrongView.m in Sources */,
				C3B7E2541D77F5AA0033B9E7 /* MemonryApi.m in Sources */,
			);
			runOnlyForDeploymentPostprocessing = 0;
		};
		C32684771D68641300E1BAA6 /* Sources */ = {
			isa = PBXSourcesBuildPhase;
			buildActionMask = 2147483647;
			files = (
				C32684801D68641300E1BAA6 /* KillBrainTests.m in Sources */,
			);
			runOnlyForDeploymentPostprocessing = 0;
		};
		C32684821D68641300E1BAA6 /* Sources */ = {
			isa = PBXSourcesBuildPhase;
			buildActionMask = 2147483647;
			files = (
				C326848B1D68641300E1BAA6 /* KillBrainUITests.m in Sources */,
			);
			runOnlyForDeploymentPostprocessing = 0;
		};
/* End PBXSourcesBuildPhase section */

/* Begin PBXTargetDependency section */
		C326847D1D68641300E1BAA6 /* PBXTargetDependency */ = {
			isa = PBXTargetDependency;
			target = C32684611D68641300E1BAA6 /* KillBrain */;
			targetProxy = C326847C1D68641300E1BAA6 /* PBXContainerItemProxy */;
		};
		C32684881D68641300E1BAA6 /* PBXTargetDependency */ = {
			isa = PBXTargetDependency;
			target = C32684611D68641300E1BAA6 /* KillBrain */;
			targetProxy = C32684871D68641300E1BAA6 /* PBXContainerItemProxy */;
		};
/* End PBXTargetDependency section */

/* Begin PBXVariantGroup section */
		C32684731D68641300E1BAA6 /* LaunchScreen.storyboard */ = {
			isa = PBXVariantGroup;
			children = (
				C32684741D68641300E1BAA6 /* Base */,
			);
			name = LaunchScreen.storyboard;
			sourceTree = "<group>";
		};
/* End PBXVariantGroup section */

/* Begin XCBuildConfiguration section */
		C326848D1D68641300E1BAA6 /* Debug */ = {
			isa = XCBuildConfiguration;
			buildSettings = {
				ALWAYS_SEARCH_USER_PATHS = NO;
				CLANG_CXX_LANGUAGE_STANDARD = "gnu++0x";
				CLANG_CXX_LIBRARY = "libc++";
				CLANG_ENABLE_MODULES = YES;
				CLANG_ENABLE_OBJC_ARC = YES;
				CLANG_WARN_BOOL_CONVERSION = YES;
				CLANG_WARN_CONSTANT_CONVERSION = YES;
				CLANG_WARN_DIRECT_OBJC_ISA_USAGE = YES_ERROR;
				CLANG_WARN_EMPTY_BODY = YES;
				CLANG_WARN_ENUM_CONVERSION = YES;
				CLANG_WARN_INT_CONVERSION = YES;
				CLANG_WARN_OBJC_ROOT_CLASS = YES_ERROR;
				CLANG_WARN_UNREACHABLE_CODE = YES;
				CLANG_WARN__DUPLICATE_METHOD_MATCH = YES;
				"CODE_SIGN_IDENTITY[sdk=iphoneos*]" = "iPhone Developer";
				COPY_PHASE_STRIP = NO;
				DEBUG_INFORMATION_FORMAT = dwarf;
				ENABLE_STRICT_OBJC_MSGSEND = YES;
				ENABLE_TESTABILITY = YES;
				GCC_C_LANGUAGE_STANDARD = gnu99;
				GCC_DYNAMIC_NO_PIC = NO;
				GCC_NO_COMMON_BLOCKS = YES;
				GCC_OPTIMIZATION_LEVEL = 0;
				GCC_PREPROCESSOR_DEFINITIONS = (
					"DEBUG=1",
					"$(inherited)",
				);
				GCC_WARN_64_TO_32_BIT_CONVERSION = YES;
				GCC_WARN_ABOUT_RETURN_TYPE = YES_ERROR;
				GCC_WARN_UNDECLARED_SELECTOR = YES;
				GCC_WARN_UNINITIALIZED_AUTOS = YES_AGGRESSIVE;
				GCC_WARN_UNUSED_FUNCTION = YES;
				GCC_WARN_UNUSED_VARIABLE = YES;
				IPHONEOS_DEPLOYMENT_TARGET = 9.2;
				MTL_ENABLE_DEBUG_INFO = YES;
				ONLY_ACTIVE_ARCH = YES;
				SDKROOT = iphoneos;
				TARGETED_DEVICE_FAMILY = "1,2";
			};
			name = Debug;
		};
		C326848E1D68641300E1BAA6 /* Release */ = {
			isa = XCBuildConfiguration;
			buildSettings = {
				ALWAYS_SEARCH_USER_PATHS = NO;
				CLANG_CXX_LANGUAGE_STANDARD = "gnu++0x";
				CLANG_CXX_LIBRARY = "libc++";
				CLANG_ENABLE_MODULES = YES;
				CLANG_ENABLE_OBJC_ARC = YES;
				CLANG_WARN_BOOL_CONVERSION = YES;
				CLANG_WARN_CONSTANT_CONVERSION = YES;
				CLANG_WARN_DIRECT_OBJC_ISA_USAGE = YES_ERROR;
				CLANG_WARN_EMPTY_BODY = YES;
				CLANG_WARN_ENUM_CONVERSION = YES;
				CLANG_WARN_INT_CONVERSION = YES;
				CLANG_WARN_OBJC_ROOT_CLASS = YES_ERROR;
				CLANG_WARN_UNREACHABLE_CODE = YES;
				CLANG_WARN__DUPLICATE_METHOD_MATCH = YES;
				"CODE_SIGN_IDENTITY[sdk=iphoneos*]" = "iPhone Developer";
				COPY_PHASE_STRIP = NO;
				DEBUG_INFORMATION_FORMAT = "dwarf-with-dsym";
				ENABLE_NS_ASSERTIONS = NO;
				ENABLE_STRICT_OBJC_MSGSEND = YES;
				GCC_C_LANGUAGE_STANDARD = gnu99;
				GCC_NO_COMMON_BLOCKS = YES;
				GCC_WARN_64_TO_32_BIT_CONVERSION = YES;
				GCC_WARN_ABOUT_RETURN_TYPE = YES_ERROR;
				GCC_WARN_UNDECLARED_SELECTOR = YES;
				GCC_WARN_UNINITIALIZED_AUTOS = YES_AGGRESSIVE;
				GCC_WARN_UNUSED_FUNCTION = YES;
				GCC_WARN_UNUSED_VARIABLE = YES;
				IPHONEOS_DEPLOYMENT_TARGET = 9.2;
				MTL_ENABLE_DEBUG_INFO = NO;
				SDKROOT = iphoneos;
				TARGETED_DEVICE_FAMILY = "1,2";
				VALIDATE_PRODUCT = YES;
			};
			name = Release;
		};
		C32684901D68641300E1BAA6 /* Debug */ = {
			isa = XCBuildConfiguration;
			baseConfigurationReference = 66A61285C8CB7235F6CD55F5 /* Pods.debug.xcconfig */;
			buildSettings = {
				ASSETCATALOG_COMPILER_APPICON_NAME = AppIcon;
				GCC_PREFIX_HEADER = /Users/likelin/Desktop/KillBrain/KillBrain/KillBrain/Other/PrefixHeader.pch;
				INFOPLIST_FILE = KillBrain/Info.plist;
				IPHONEOS_DEPLOYMENT_TARGET = 8.0;
				LD_RUNPATH_SEARCH_PATHS = "$(inherited) @executable_path/Frameworks";
				PRODUCT_BUNDLE_IDENTIFIER = ideabinder.KillBrain;
				PRODUCT_NAME = "$(TARGET_NAME)";
			};
			name = Debug;
		};
		C32684911D68641300E1BAA6 /* Release */ = {
			isa = XCBuildConfiguration;
			baseConfigurationReference = 31C90C3A4258030E0DCB7CE0 /* Pods.release.xcconfig */;
			buildSettings = {
				ASSETCATALOG_COMPILER_APPICON_NAME = AppIcon;
				GCC_PREFIX_HEADER = /Users/likelin/Desktop/KillBrain/KillBrain/KillBrain/Other/PrefixHeader.pch;
				INFOPLIST_FILE = KillBrain/Info.plist;
				IPHONEOS_DEPLOYMENT_TARGET = 8.0;
				LD_RUNPATH_SEARCH_PATHS = "$(inherited) @executable_path/Frameworks";
				PRODUCT_BUNDLE_IDENTIFIER = ideabinder.KillBrain;
				PRODUCT_NAME = "$(TARGET_NAME)";
			};
			name = Release;
		};
		C32684931D68641300E1BAA6 /* Debug */ = {
			isa = XCBuildConfiguration;
			buildSettings = {
				BUNDLE_LOADER = "$(TEST_HOST)";
				INFOPLIST_FILE = KillBrainTests/Info.plist;
				LD_RUNPATH_SEARCH_PATHS = "$(inherited) @executable_path/Frameworks @loader_path/Frameworks";
				PRODUCT_BUNDLE_IDENTIFIER = ideabinder.KillBrainTests;
				PRODUCT_NAME = "$(TARGET_NAME)";
				TEST_HOST = "$(BUILT_PRODUCTS_DIR)/KillBrain.app/KillBrain";
			};
			name = Debug;
		};
		C32684941D68641300E1BAA6 /* Release */ = {
			isa = XCBuildConfiguration;
			buildSettings = {
				BUNDLE_LOADER = "$(TEST_HOST)";
				INFOPLIST_FILE = KillBrainTests/Info.plist;
				LD_RUNPATH_SEARCH_PATHS = "$(inherited) @executable_path/Frameworks @loader_path/Frameworks";
				PRODUCT_BUNDLE_IDENTIFIER = ideabinder.KillBrainTests;
				PRODUCT_NAME = "$(TARGET_NAME)";
				TEST_HOST = "$(BUILT_PRODUCTS_DIR)/KillBrain.app/KillBrain";
			};
			name = Release;
		};
		C32684961D68641300E1BAA6 /* Debug */ = {
			isa = XCBuildConfiguration;
			buildSettings = {
				INFOPLIST_FILE = KillBrainUITests/Info.plist;
				LD_RUNPATH_SEARCH_PATHS = "$(inherited) @executable_path/Frameworks @loader_path/Frameworks";
				PRODUCT_BUNDLE_IDENTIFIER = ideabinder.KillBrainUITests;
				PRODUCT_NAME = "$(TARGET_NAME)";
				TEST_TARGET_NAME = KillBrain;
				USES_XCTRUNNER = YES;
			};
			name = Debug;
		};
		C32684971D68641300E1BAA6 /* Release */ = {
			isa = XCBuildConfiguration;
			buildSettings = {
				INFOPLIST_FILE = KillBrainUITests/Info.plist;
				LD_RUNPATH_SEARCH_PATHS = "$(inherited) @executable_path/Frameworks @loader_path/Frameworks";
				PRODUCT_BUNDLE_IDENTIFIER = ideabinder.KillBrainUITests;
				PRODUCT_NAME = "$(TARGET_NAME)";
				TEST_TARGET_NAME = KillBrain;
				USES_XCTRUNNER = YES;
			};
			name = Release;
		};
/* End XCBuildConfiguration section */

/* Begin XCConfigurationList section */
		C326845D1D68641300E1BAA6 /* Build configuration list for PBXProject "KillBrain" */ = {
			isa = XCConfigurationList;
			buildConfigurations = (
				C326848D1D68641300E1BAA6 /* Debug */,
				C326848E1D68641300E1BAA6 /* Release */,
			);
			defaultConfigurationIsVisible = 0;
			defaultConfigurationName = Release;
		};
		C326848F1D68641300E1BAA6 /* Build configuration list for PBXNativeTarget "KillBrain" */ = {
			isa = XCConfigurationList;
			buildConfigurations = (
				C32684901D68641300E1BAA6 /* Debug */,
				C32684911D68641300E1BAA6 /* Release */,
			);
			defaultConfigurationIsVisible = 0;
			defaultConfigurationName = Release;
		};
		C32684921D68641300E1BAA6 /* Build configuration list for PBXNativeTarget "KillBrainTests" */ = {
			isa = XCConfigurationList;
			buildConfigurations = (
				C32684931D68641300E1BAA6 /* Debug */,
				C32684941D68641300E1BAA6 /* Release */,
			);
			defaultConfigurationIsVisible = 0;
			defaultConfigurationName = Release;
		};
		C32684951D68641300E1BAA6 /* Build configuration list for PBXNativeTarget "KillBrainUITests" */ = {
			isa = XCConfigurationList;
			buildConfigurations = (
				C32684961D68641300E1BAA6 /* Debug */,
				C32684971D68641300E1BAA6 /* Release */,
			);
			defaultConfigurationIsVisible = 0;
			defaultConfigurationName = Release;
		};
/* End XCConfigurationList section */
	};
	rootObject = C326845A1D68641300E1BAA6 /* Project object */;
}
